// !$*UTF8*$!
{
	archiveVersion = 1;
	classes = {
	};
	objectVersion = 46;
	objects = {

/* Begin PBXBuildFile section */
		B788E132198D9E8900E0F38F /* Foundation.framework in Frameworks */ = {isa = PBXBuildFile; fileRef = B788E131198D9E8900E0F38F /* Foundation.framework */; };
		B788E134198D9E8900E0F38F /* CoreGraphics.framework in Frameworks */ = {isa = PBXBuildFile; fileRef = B788E133198D9E8900E0F38F /* CoreGraphics.framework */; };
		B788E136198D9E8900E0F38F /* UIKit.framework in Frameworks */ = {isa = PBXBuildFile; fileRef = B788E135198D9E8900E0F38F /* UIKit.framework */; };
		B788E13C198D9E8900E0F38F /* InfoPlist.strings in Resources */ = {isa = PBXBuildFile; fileRef = B788E13A198D9E8900E0F38F /* InfoPlist.strings */; };
		B788E13E198D9E8900E0F38F /* main.m in Sources */ = {isa = PBXBuildFile; fileRef = B788E13D198D9E8900E0F38F /* main.m */; };
		B788E142198D9E8900E0F38F /* BNRAppDelegate.m in Sources */ = {isa = PBXBuildFile; fileRef = B788E141198D9E8900E0F38F /* BNRAppDelegate.m */; };
		B788E144198D9E8900E0F38F /* Images.xcassets in Resources */ = {isa = PBXBuildFile; fileRef = B788E143198D9E8900E0F38F /* Images.xcassets */; };
		B788E14B198D9E8900E0F38F /* XCTest.framework in Frameworks */ = {isa = PBXBuildFile; fileRef = B788E14A198D9E8900E0F38F /* XCTest.framework */; };
		B788E14C198D9E8900E0F38F /* Foundation.framework in Frameworks */ = {isa = PBXBuildFile; fileRef = B788E131198D9E8900E0F38F /* Foundation.framework */; };
		B788E14D198D9E8900E0F38F /* UIKit.framework in Frameworks */ = {isa = PBXBuildFile; fileRef = B788E135198D9E8900E0F38F /* UIKit.framework */; };
		B788E155198D9E8900E0F38F /* InfoPlist.strings in Resources */ = {isa = PBXBuildFile; fileRef = B788E153198D9E8900E0F38F /* InfoPlist.strings */; };
		B788E157198D9E8900E0F38F /* QuizTests.m in Sources */ = {isa = PBXBuildFile; fileRef = B788E156198D9E8900E0F38F /* QuizTests.m */; };
/* End PBXBuildFile section */

/* Begin PBXContainerItemProxy section */
		B788E14E198D9E8900E0F38F /* PBXContainerItemProxy */ = {
			isa = PBXContainerItemProxy;
			containerPortal = B788E126198D9E8900E0F38F /* Project object */;
			proxyType = 1;
			remoteGlobalIDString = B788E12D198D9E8900E0F38F;
			remoteInfo = Quiz;
		};
/* End PBXContainerItemProxy section */

/* Begin PBXFileReference section */
		B788E12E198D9E8900E0F38F /* Quiz.app */ = {isa = PBXFileReference; explicitFileType = wrapper.application; includeInIndex = 0; path = Quiz.app; sourceTree = BUILT_PRODUCTS_DIR; };
		B788E131198D9E8900E0F38F /* Foundation.framework */ = {isa = PBXFileReference; lastKnownFileType = wrapper.framework; name = Foundation.framework; path = System/Library/Frameworks/Foundation.framework; sourceTree = SDKROOT; };
		B788E133198D9E8900E0F38F /* CoreGraphics.framework */ = {isa = PBXFileReference; lastKnownFileType = wrapper.framework; name = CoreGraphics.framework; path = System/Library/Frameworks/CoreGraphics.framework; sourceTree = SDKROOT; };
		B788E135198D9E8900E0F38F /* UIKit.framework */ = {isa = PBXFileReference; lastKnownFileType = wrapper.framework; name = UIKit.framework; path = System/Library/Frameworks/UIKit.framework; sourceTree = SDKROOT; };
		B788E139198D9E8900E0F38F /* Quiz-Info.plist */ = {isa = PBXFileReference; lastKnownFileType = text.plist.xml; path = "Quiz-Info.plist"; sourceTree = "<group>"; };
		B788E13B198D9E8900E0F38F /* en */ = {isa = PBXFileReference; lastKnownFileType = text.plist.strings; name = en; path = en.lproj/InfoPlist.strings; sourceTree = "<group>"; };
		B788E13D198D9E8900E0F38F /* main.m */ = {isa = PBXFileReference; lastKnownFileType = sourcecode.c.objc; path = main.m; sourceTree = "<group>"; };
		B788E13F198D9E8900E0F38F /* Quiz-Prefix.pch */ = {isa = PBXFileReference; lastKnownFileType = sourcecode.c.h; path = "Quiz-Prefix.pch"; sourceTree = "<group>"; };
		B788E140198D9E8900E0F38F /* BNRAppDelegate.h */ = {isa = PBXFileReference; lastKnownFileType = sourcecode.c.h; path = BNRAppDelegate.h; sourceTree = "<group>"; };
		B788E141198D9E8900E0F38F /* BNRAppDelegate.m */ = {isa = PBXFileReference; lastKnownFileType = sourcecode.c.objc; path = BNRAppDelegate.m; sourceTree = "<group>"; };
		B788E143198D9E8900E0F38F /* Images.xcassets */ = {isa = PBXFileReference; lastKnownFileType = folder.assetcatalog; path = Images.xcassets; sourceTree = "<group>"; };
		B788E149198D9E8900E0F38F /* QuizTests.xctest */ = {isa = PBXFileReference; explicitFileType = wrapper.cfbundle; includeInIndex = 0; path = QuizTests.xctest; sourceTree = BUILT_PRODUCTS_DIR; };
		B788E14A198D9E8900E0F38F /* XCTest.framework */ = {isa = PBXFileReference; lastKnownFileType = wrapper.framework; name = XCTest.framework; path = Library/Frameworks/XCTest.framework; sourceTree = DEVELOPER_DIR; };
		B788E152198D9E8900E0F38F /* QuizTests-Info.plist */ = {isa = PBXFileReference; lastKnownFileType = text.plist.xml; path = "QuizTests-Info.plist"; sourceTree = "<group>"; };
		B788E154198D9E8900E0F38F /* en */ = {isa = PBXFileReference; lastKnownFileType = text.plist.strings; name = en; path = en.lproj/InfoPlist.strings; sourceTree = "<group>"; };
		B788E156198D9E8900E0F38F /* QuizTests.m */ = {isa = PBXFileReference; lastKnownFileType = sourcecode.c.objc; path = QuizTests.m; sourceTree = "<group>"; };
/* End PBXFileReference section */

/* Begin PBXFrameworksBuildPhase section */
		B788E12B198D9E8900E0F38F /* Frameworks */ = {
			isa = PBXFrameworksBuildPhase;
			buildActionMask = 2147483647;
			files = (
				B788E134198D9E8900E0F38F /* CoreGraphics.framework in Frameworks */,
				B788E136198D9E8900E0F38F /* UIKit.framework in Frameworks */,
				B788E132198D9E8900E0F38F /* Foundation.framework in Frameworks */,
			);
			runOnlyForDeploymentPostprocessing = 0;
		};
		B788E146198D9E8900E0F38F /* Frameworks */ = {
			isa = PBXFrameworksBuildPhase;
			buildActionMask = 2147483647;
			files = (
				B788E14B198D9E8900E0F38F /* XCTest.framework in Frameworks */,
				B788E14D198D9E8900E0F38F /* UIKit.framework in Frameworks */,
				B788E14C198D9E8900E0F38F /* Foundation.framework in Frameworks */,
			);
			runOnlyForDeploymentPostprocessing = 0;
		};
/* End PBXFrameworksBuildPhase section */

/* Begin PBXGroup section */
		B788E125198D9E8900E0F38F = {
			isa = PBXGroup;
			children = (
				B788E137198D9E8900E0F38F /* Quiz */,
				B788E150198D9E8900E0F38F /* QuizTests */,
				B788E130198D9E8900E0F38F /* Frameworks */,
				B788E12F198D9E8900E0F38F /* Products */,
			);
			sourceTree = "<group>";
		};
		B788E12F198D9E8900E0F38F /* Products */ = {
			isa = PBXGroup;
			children = (
				B788E12E198D9E8900E0F38F /* Quiz.app */,
				B788E149198D9E8900E0F38F /* QuizTests.xctest */,
			);
			name = Products;
			sourceTree = "<group>";
		};
		B788E130198D9E8900E0F38F /* Frameworks */ = {
			isa = PBXGroup;
			children = (
				B788E131198D9E8900E0F38F /* Foundation.framework */,
				B788E133198D9E8900E0F38F /* CoreGraphics.framework */,
				B788E135198D9E8900E0F38F /* UIKit.framework */,
				B788E14A198D9E8900E0F38F /* XCTest.framework */,
			);
			name = Frameworks;
			sourceTree = "<group>";
		};
		B788E137198D9E8900E0F38F /* Quiz */ = {
			isa = PBXGroup;
			children = (
				B788E140198D9E8900E0F38F /* BNRAppDelegate.h */,
				B788E141198D9E8900E0F38F /* BNRAppDelegate.m */,
				B788E143198D9E8900E0F38F /* Images.xcassets */,
				B788E138198D9E8900E0F38F /* Supporting Files */,
			);
			path = Quiz;
			sourceTree = "<group>";
		};
		B788E138198D9E8900E0F38F /* Supporting Files */ = {
			isa = PBXGroup;
			children = (
				B788E139198D9E8900E0F38F /* Quiz-Info.plist */,
				B788E13A198D9E8900E0F38F /* InfoPlist.strings */,
				B788E13D198D9E8900E0F38F /* main.m */,
				B788E13F198D9E8900E0F38F /* Quiz-Prefix.pch */,
			);
			name = "Supporting Files";
			sourceTree = "<group>";
		};
		B788E150198D9E8900E0F38F /* QuizTests */ = {
			isa = PBXGroup;
			children = (
				B788E156198D9E8900E0F38F /* QuizTests.m */,
				B788E151198D9E8900E0F38F /* Supporting Files */,
			);
			path = QuizTests;
			sourceTree = "<group>";
		};
		B788E151198D9E8900E0F38F /* Supporting Files */ = {
			isa = PBXGroup;
			children = (
				B788E152198D9E8900E0F38F /* QuizTests-Info.plist */,
				B788E153198D9E8900E0F38F /* InfoPlist.strings */,
			);
			name = "Supporting Files";
			sourceTree = "<group>";
		};
/* End PBXGroup section */

/* Begin PBXNativeTarget section */
		B788E12D198D9E8900E0F38F /* Quiz */ = {
			isa = PBXNativeTarget;
			buildConfigurationList = B788E15A198D9E8900E0F38F /* Build configuration list for PBXNativeTarget "Quiz" */;
			buildPhases = (
				B788E12A198D9E8900E0F38F /* Sources */,
				B788E12B198D9E8900E0F38F /* Frameworks */,
				B788E12C198D9E8900E0F38F /* Resources */,
			);
			buildRules = (
			);
			dependencies = (
			);
			name = Quiz;
			productName = Quiz;
			productReference = B788E12E198D9E8900E0F38F /* Quiz.app */;
			productType = "com.apple.product-type.application";
		};
		B788E148198D9E8900E0F38F /* QuizTests */ = {
			isa = PBXNativeTarget;
			buildConfigurationList = B788E15D198D9E8900E0F38F /* Build configuration list for PBXNativeTarget "QuizTests" */;
			buildPhases = (
				B788E145198D9E8900E0F38F /* Sources */,
				B788E146198D9E8900E0F38F /* Frameworks */,
				B788E147198D9E8900E0F38F /* Resources */,
			);
			buildRules = (
			);
			dependencies = (
				B788E14F198D9E8900E0F38F /* PBXTargetDependency */,
			);
			name = QuizTests;
			productName = QuizTests;
			productReference = B788E149198D9E8900E0F38F /* QuizTests.xctest */;
			productType = "com.apple.product-type.bundle.unit-test";
		};
/* End PBXNativeTarget section */

/* Begin PBXProject section */
		B788E126198D9E8900E0F38F /* Project object */ = {
			isa = PBXProject;
			attributes = {
				CLASSPREFIX = BNR;
				LastUpgradeCheck = 0510;
				ORGANIZATIONNAME = "Omer Wazir";
				TargetAttributes = {
					B788E148198D9E8900E0F38F = {
						TestTargetID = B788E12D198D9E8900E0F38F;
					};
				};
			};
			buildConfigurationList = B788E129198D9E8900E0F38F /* Build configuration list for PBXProject "Quiz" */;
			compatibilityVersion = "Xcode 3.2";
			developmentRegion = English;
			hasScannedForEncodings = 0;
			knownRegions = (
				en,
			);
			mainGroup = B788E125198D9E8900E0F38F;
			productRefGroup = B788E12F198D9E8900E0F38F /* Products */;
			projectDirPath = "";
			projectRoot = "";
			targets = (
				B788E12D198D9E8900E0F38F /* Quiz */,
				B788E148198D9E8900E0F38F /* QuizTests */,
			);
		};
/* End PBXProject section */

/* Begin PBXResourcesBuildPhase section */
		B788E12C198D9E8900E0F38F /* Resources */ = {
			isa = PBXResourcesBuildPhase;
			buildActionMask = 2147483647;
			files = (
				B788E13C198D9E8900E0F38F /* InfoPlist.strings in Resources */,
				B788E144198D9E8900E0F38F /* Images.xcassets in Resources */,
			);
			runOnlyForDeploymentPostprocessing = 0;
		};
		B788E147198D9E8900E0F38F /* Resources */ = {
			isa = PBXResourcesBuildPhase;
			buildActionMask = 2147483647;
			files = (
				B788E155198D9E8900E0F38F /* InfoPlist.strings in Resources */,
			);
			runOnlyForDeploymentPostprocessing = 0;
		};
/* End PBXResourcesBuildPhase section */

/* Begin PBXSourcesBuildPhase section */
		B788E12A198D9E8900E0F38F /* Sources */ = {
			isa = PBXSourcesBuildPhase;
			buildActionMask = 2147483647;
			files = (
				B788E13E198D9E8900E0F38F /* main.m in Sources */,
				B788E142198D9E8900E0F38F /* BNRAppDelegate.m in Sources */,
			);
			runOnlyForDeploymentPostprocessing = 0;
		};
		B788E145198D9E8900E0F38F /* Sources */ = {
			isa = PBXSourcesBuildPhase;
			buildActionMask = 2147483647;
			files = (
				B788E157198D9E8900E0F38F /* QuizTests.m in Sources */,
			);
			runOnlyForDeploymentPostprocessing = 0;
		};
/* End PBXSourcesBuildPhase section */

/* Begin PBXTargetDependency section */
		B788E14F198D9E8900E0F38F /* PBXTargetDependency */ = {
			isa = PBXTargetDependency;
			target = B788E12D198D9E8900E0F38F /* Quiz */;
			targetProxy = B788E14E198D9E8900E0F38F /* PBXContainerItemProxy */;
		};
/* End PBXTargetDependency section */

/* Begin PBXVariantGroup section */
		B788E13A198D9E8900E0F38F /* InfoPlist.strings */ = {
			isa = PBXVariantGroup;
			children = (
				B788E13B198D9E8900E0F38F /* en */,
			);
			name = InfoPlist.strings;
			sourceTree = "<group>";
		};
		B788E153198D9E8900E0F38F /* InfoPlist.strings */ = {
			isa = PBXVariantGroup;
			children = (
				B788E154198D9E8900E0F38F /* en */,
			);
			name = InfoPlist.strings;
			sourceTree = "<group>";
		};
/* End PBXVariantGroup section */

/* Begin XCBuildConfiguration section */
		B788E158198D9E8900E0F38F /* Debug */ = {
			isa = XCBuildConfiguration;
			buildSettings = {
				ALWAYS_SEARCH_USER_PATHS = NO;
				CLANG_CXX_LANGUAGE_STANDARD = "gnu++0x";
				CLANG_CXX_LIBRARY = "libc++";
				CLANG_ENABLE_MODULES = YES;
				CLANG_ENABLE_OBJC_ARC = YES;
				CLANG_WARN_BOOL_CONVERSION = YES;
				CLANG_WARN_CONSTANT_CONVERSION = YES;
				CLANG_WARN_DIRECT_OBJC_ISA_USAGE = YES_ERROR;
				CLANG_WARN_EMPTY_BODY = YES;
				CLANG_WARN_ENUM_CONVERSION = YES;
				CLANG_WARN_INT_CONVERSION = YES;
				CLANG_WARN_OBJC_ROOT_CLASS = YES_ERROR;
				CLANG_WARN__DUPLICATE_METHOD_MATCH = YES;
				"CODE_SIGN_IDENTITY[sdk=iphoneos*]" = "iPhone Developer";
				COPY_PHASE_STRIP = NO;
				GCC_C_LANGUAGE_STANDARD = gnu99;
				GCC_DYNAMIC_NO_PIC = NO;
				GCC_OPTIMIZATION_LEVEL = 0;
				GCC_PREPROCESSOR_DEFINITIONS = (
					"DEBUG=1",
					"$(inherited)",
				);
				GCC_SYMBOLS_PRIVATE_EXTERN = NO;
				GCC_WARN_64_TO_32_BIT_CONVERSION = YES;
				GCC_WARN_ABOUT_RETURN_TYPE = YES_ERROR;
				GCC_WARN_UNDECLARED_SELECTOR = YES;
				GCC_WARN_UNINITIALIZED_AUTOS = YES_AGGRESSIVE;
				GCC_WARN_UNUSED_FUNCTION = YES;
				GCC_WARN_UNUSED_VARIABLE = YES;
				IPHONEOS_DEPLOYMENT_TARGET = 7.1;
				ONLY_ACTIVE_ARCH = YES;
				SDKROOT = iphoneos;
			};
			name = Debug;
		};
		B788E159198D9E8900E0F38F /* Release */ = {
			isa = XCBuildConfiguration;
			buildSettings = {
				ALWAYS_SEARCH_USER_PATHS = NO;
				CLANG_CXX_LANGUAGE_STANDARD = "gnu++0x";
				CLANG_CXX_LIBRARY = "libc++";
				CLANG_ENABLE_MODULES = YES;
				CLANG_ENABLE_OBJC_ARC = YES;
				CLANG_WARN_BOOL_CONVERSION = YES;
				CLANG_WARN_CONSTANT_CONVERSION = YES;
				CLANG_WARN_DIRECT_OBJC_ISA_USAGE = YES_ERROR;
				CLANG_WARN_EMPTY_BODY = YES;
				CLANG_WARN_ENUM_CONVERSION = YES;
				CLANG_WARN_INT_CONVERSION = YES;
				CLANG_WARN_OBJC_ROOT_CLASS = YES_ERROR;
				CLANG_WARN__DUPLICATE_METHOD_MATCH = YES;
				"CODE_SIGN_IDENTITY[sdk=iphoneos*]" = "iPhone Developer";
				COPY_PHASE_STRIP = YES;
				ENABLE_NS_ASSERTIONS = NO;
				GCC_C_LANGUAGE_STANDARD = gnu99;
				GCC_WARN_64_TO_32_BIT_CONVERSION = YES;
				GCC_WARN_ABOUT_RETURN_TYPE = YES_ERROR;
				GCC_WARN_UNDECLARED_SELECTOR = YES;
				GCC_WARN_UNINITIALIZED_AUTOS = YES_AGGRESSIVE;
				GCC_WARN_UNUSED_FUNCTION = YES;
				GCC_WARN_UNUSED_VARIABLE = YES;
				IPHONEOS_DEPLOYMENT_TARGET = 7.1;
				SDKROOT = iphoneos;
				VALIDATE_PRODUCT = YES;
			};
			name = Release;
		};
		B788E15B198D9E8900E0F38F /* Debug */ = {
			isa = XCBuildConfiguration;
			buildSettings = {
				ASSETCATALOG_COMPILER_APPICON_NAME = AppIcon;
				ASSETCATALOG_COMPILER_LAUNCHIMAGE_NAME = LaunchImage;
				GCC_PRECOMPILE_PREFIX_HEADER = YES;
				GCC_PREFIX_HEADER = "Quiz/Quiz-Prefix.pch";
				INFOPLIST_FILE = "Quiz/Quiz-Info.plist";
				PRODUCT_NAME = "$(TARGET_NAME)";
				WRAPPER_EXTENSION = app;
			};
			name = Debug;
		};
		B788E15C198D9E8900E0F38F /* Release */ = {
			isa = XCBuildConfiguration;
			buildSettings = {
				ASSETCATALOG_COMPILER_APPICON_NAME = AppIcon;
				ASSETCATALOG_COMPILER_LAUNCHIMAGE_NAME = LaunchImage;
				GCC_PRECOMPILE_PREFIX_HEADER = YES;
				GCC_PREFIX_HEADER = "Quiz/Quiz-Prefix.pch";
				INFOPLIST_FILE = "Quiz/Quiz-Info.plist";
				PRODUCT_NAME = "$(TARGET_NAME)";
				WRAPPER_EXTENSION = app;
			};
			name = Release;
		};
		B788E15E198D9E8900E0F38F /* Debug */ = {
			isa = XCBuildConfiguration;
			buildSettings = {
				BUNDLE_LOADER = "$(BUILT_PRODUCTS_DIR)/Quiz.app/Quiz";
				FRAMEWORK_SEARCH_PATHS = (
					"$(SDKROOT)/Developer/Library/Frameworks",
					"$(inherited)",
					"$(DEVELOPER_FRAMEWORKS_DIR)",
				);
				GCC_PRECOMPILE_PREFIX_HEADER = YES;
				GCC_PREFIX_HEADER = "Quiz/Quiz-Prefix.pch";
				GCC_PREPROCESSOR_DEFINITIONS = (
					"DEBUG=1",
					"$(inherited)",
				);
				INFOPLIST_FILE = "QuizTests/QuizTests-Info.plist";
				PRODUCT_NAME = "$(TARGET_NAME)";
				TEST_HOST = "$(BUNDLE_LOADER)";
				WRAPPER_EXTENSION = xctest;
			};
			name = Debug;
		};
		B788E15F198D9E8900E0F38F /* Release */ = {
			isa = XCBuildConfiguration;
			buildSettings = {
				BUNDLE_LOADER = "$(BUILT_PRODUCTS_DIR)/Quiz.app/Quiz";
				FRAMEWORK_SEARCH_PATHS = (
					"$(SDKROOT)/Developer/Library/Frameworks",
					"$(inherited)",
					"$(DEVELOPER_FRAMEWORKS_DIR)",
				);
				GCC_PRECOMPILE_PREFIX_HEADER = YES;
				GCC_PREFIX_HEADER = "Quiz/Quiz-Prefix.pch";
				INFOPLIST_FILE = "QuizTests/QuizTests-Info.plist";
				PRODUCT_NAME = "$(TARGET_NAME)";
				TEST_HOST = "$(BUNDLE_LOADER)";
				WRAPPER_EXTENSION = xctest;
			};
			name = Release;
		};
/* End XCBuildConfiguration section */

/* Begin XCConfigurationList section */
		B788E129198D9E8900E0F38F /* Build configuration list for PBXProject "Quiz" */ = {
			isa = XCConfigurationList;
			buildConfigurations = (
				B788E158198D9E8900E0F38F /* Debug */,
				B788E159198D9E8900E0F38F /* Release */,
			);
			defaultConfigurationIsVisible = 0;
			defaultConfigurationName = Release;
		};
		B788E15A198D9E8900E0F38F /* Build configuration list for PBXNativeTarget "Quiz" */ = {
			isa = XCConfigurationList;
			buildConfigurations = (
				B788E15B198D9E8900E0F38F /* Debug */,
				B788E15C198D9E8900E0F38F /* Release */,
			);
			defaultConfigurationIsVisible = 0;
		};
		B788E15D198D9E8900E0F38F /* Build configuration list for PBXNativeTarget "QuizTests" */ = {
			isa = XCConfigurationList;
			buildConfigurations = (
				B788E15E198D9E8900E0F38F /* Debug */,
				B788E15F198D9E8900E0F38F /* Release */,
			);
			defaultConfigurationIsVisible = 0;
		};
/* End XCConfigurationList section */
	};
	rootObject = B788E126198D9E8900E0F38F /* Project object */;
}
